{
    "version": 3,
    "terraform_version": "0.11.7",
    "serial": 31,
    "lineage": "428a0e18-ad2d-9708-6a9d-ba9f5754abe4",
    "modules": [
        {
            "path": [
                "root"
            ],
            "outputs": {
                "proxy_private_ips": {
                    "sensitive": false,
                    "type": "list",
                    "value": [
                        "10.1.20.2"
                    ]
                },
                "proxy_public_ips": {
                    "sensitive": false,
                    "type": "list",
                    "value": [
                        "129.213.136.159"
                    ]
                }
            },
            "resources": {
                "data.oci_identity_availability_domains.ADs": {
                    "type": "oci_identity_availability_domains",
                    "depends_on": [],
                    "primary": {
                        "id": "2019-05-14 15:45:01.709713064 +0000 UTC",
                        "attributes": {
                            "availability_domains.#": "3",
                            "availability_domains.0.compartment_id": "ocid1.tenancy.oc1..aaaaaaaaqaghoakhcdlsdsej676gkzli4gbeeqw3ge46kgnm224lagmfj4xq",
                            "availability_domains.0.name": "AhKQ:US-ASHBURN-AD-1",
                            "availability_domains.1.compartment_id": "ocid1.tenancy.oc1..aaaaaaaaqaghoakhcdlsdsej676gkzli4gbeeqw3ge46kgnm224lagmfj4xq",
                            "availability_domains.1.name": "AhKQ:US-ASHBURN-AD-2",
                            "availability_domains.2.compartment_id": "ocid1.tenancy.oc1..aaaaaaaaqaghoakhcdlsdsej676gkzli4gbeeqw3ge46kgnm224lagmfj4xq",
                            "availability_domains.2.name": "AhKQ:US-ASHBURN-AD-3",
                            "compartment_id": "ocid1.tenancy.oc1..aaaaaaaaqaghoakhcdlsdsej676gkzli4gbeeqw3ge46kgnm224lagmfj4xq",
                            "id": "2019-05-14 15:45:01.709713064 +0000 UTC"
                        },
                        "meta": {},
                        "tainted": false
                    },
                    "deposed": [],
                    "provider": "provider.oci"
                }
            },
            "depends_on": []
        },
        {
            "path": [
                "root",
                "instances-proxy-ad1"
            ],
            "outputs": {
                "ids": {
                    "sensitive": false,
                    "type": "list",
                    "value": [
                        "ocid1.instance.oc1.iad.abuwcljtcix5bqornubzhbkh7r64heuvny5fx42qoa2qdoaopond6wxrotda"
                    ]
                },
                "instance_public_ips": {
                    "sensitive": false,
                    "type": "list",
                    "value": [
                        "129.213.136.159"
                    ]
                },
                "private_ips": {
                    "sensitive": false,
                    "type": "list",
                    "value": [
                        "10.1.20.2"
                    ]
                }
            },
            "resources": {
                "data.oci_core_images.ImageOCID": {
                    "type": "oci_core_images",
                    "depends_on": [],
                    "primary": {
                        "id": "2019-05-14 15:45:01.767684003 +0000 UTC",
                        "attributes": {
                            "compartment_id": "ocid1.compartment.oc1..aaaaaaaajdloco2usq6y24dudqirugj6ej44mpooogjes3penwtye4wp42uq",
                            "display_name": "Canonical-Ubuntu-18.04-2019.04.15-0",
                            "id": "2019-05-14 15:45:01.767684003 +0000 UTC",
                            "images.#": "1",
                            "images.0.base_image_id": "",
                            "images.0.compartment_id": "",
                            "images.0.create_image_allowed": "true",
                            "images.0.display_name": "Canonical-Ubuntu-18.04-2019.04.15-0",
                            "images.0.id": "ocid1.image.oc1.iad.aaaaaaaanyx53c7fvkf337d77ztogmntkny62r3i4z23ehjcj3zktbr4zoqq",
                            "images.0.instance_id": "",
                            "images.0.launch_mode": "NATIVE",
                            "images.0.launch_options.#": "1",
                            "images.0.launch_options.0.boot_volume_type": "PARAVIRTUALIZED",
                            "images.0.launch_options.0.firmware": "UEFI_64",
                            "images.0.launch_options.0.network_type": "PARAVIRTUALIZED",
                            "images.0.launch_options.0.remote_data_volume_type": "PARAVIRTUALIZED",
                            "images.0.operating_system": "Canonical Ubuntu",
                            "images.0.operating_system_version": "18.04",
                            "images.0.size_in_mbs": "47694",
                            "images.0.state": "AVAILABLE",
                            "images.0.time_created": "2019-04-15 21:12:05.343 +0000 UTC"
                        },
                        "meta": {},
                        "tainted": false
                    },
                    "deposed": [],
                    "provider": "provider.oci"
                },
                "data.oci_core_vnic.InstanceVnic": {
                    "type": "oci_core_vnic",
                    "depends_on": [
                        "data.oci_core_vnic_attachments.InstanceVnics"
                    ],
                    "primary": {
                        "id": "ocid1.vnic.oc1.iad.abuwcljt6dattinxn4mkclbsmb63mfshn53uussxvszlarem42vi3jpkplra",
                        "attributes": {
                            "availability_domain": "AhKQ:US-ASHBURN-AD-1",
                            "compartment_id": "ocid1.compartment.oc1..aaaaaaaajdloco2usq6y24dudqirugj6ej44mpooogjes3penwtye4wp42uq",
                            "display_name": "proxy-ad1-0",
                            "hostname_label": "proxy-ad1-0",
                            "id": "ocid1.vnic.oc1.iad.abuwcljt6dattinxn4mkclbsmb63mfshn53uussxvszlarem42vi3jpkplra",
                            "is_primary": "true",
                            "mac_address": "00:00:17:02:49:05",
                            "private_ip_address": "10.1.20.2",
                            "public_ip_address": "129.213.136.159",
                            "skip_source_dest_check": "false",
                            "state": "AVAILABLE",
                            "subnet_id": "ocid1.subnet.oc1.iad.aaaaaaaa2t3osjizglrqbtafx3ujwwcy2jqk3vpvjxad2bcdiqucgnbrxhhq",
                            "time_created": "2019-05-14 15:45:20.647 +0000 UTC",
                            "vnic_id": "ocid1.vnic.oc1.iad.abuwcljt6dattinxn4mkclbsmb63mfshn53uussxvszlarem42vi3jpkplra"
                        },
                        "meta": {},
                        "tainted": false
                    },
                    "deposed": [],
                    "provider": "provider.oci"
                },
                "data.oci_core_vnic_attachments.InstanceVnics": {
                    "type": "oci_core_vnic_attachments",
                    "depends_on": [
                        "oci_core_instance.proxy-instance"
                    ],
                    "primary": {
                        "id": "2019-05-14 15:47:12.116612322 +0000 UTC",
                        "attributes": {
                            "availability_domain": "AhKQ:US-ASHBURN-AD-1",
                            "compartment_id": "ocid1.compartment.oc1..aaaaaaaajdloco2usq6y24dudqirugj6ej44mpooogjes3penwtye4wp42uq",
                            "id": "2019-05-14 15:47:12.116612322 +0000 UTC",
                            "instance_id": "ocid1.instance.oc1.iad.abuwcljtcix5bqornubzhbkh7r64heuvny5fx42qoa2qdoaopond6wxrotda",
                            "vnic_attachments.#": "1",
                            "vnic_attachments.0.availability_domain": "AhKQ:US-ASHBURN-AD-1",
                            "vnic_attachments.0.compartment_id": "ocid1.compartment.oc1..aaaaaaaajdloco2usq6y24dudqirugj6ej44mpooogjes3penwtye4wp42uq",
                            "vnic_attachments.0.create_vnic_details.#": "0",
                            "vnic_attachments.0.display_name": "",
                            "vnic_attachments.0.id": "ocid1.vnicattachment.oc1.iad.abuwcljt2qk2wa6ogejut4ngboirrqixzlijc7joyqox6gauj4picfxiw7na",
                            "vnic_attachments.0.instance_id": "ocid1.instance.oc1.iad.abuwcljtcix5bqornubzhbkh7r64heuvny5fx42qoa2qdoaopond6wxrotda",
                            "vnic_attachments.0.nic_index": "0",
                            "vnic_attachments.0.state": "ATTACHED",
                            "vnic_attachments.0.subnet_id": "ocid1.subnet.oc1.iad.aaaaaaaa2t3osjizglrqbtafx3ujwwcy2jqk3vpvjxad2bcdiqucgnbrxhhq",
                            "vnic_attachments.0.time_created": "2019-05-14 15:45:21.025 +0000 UTC",
                            "vnic_attachments.0.vlan_tag": "3113",
                            "vnic_attachments.0.vnic_id": "ocid1.vnic.oc1.iad.abuwcljt6dattinxn4mkclbsmb63mfshn53uussxvszlarem42vi3jpkplra"
                        },
                        "meta": {},
                        "tainted": false
                    },
                    "deposed": [],
                    "provider": "provider.oci"
                },
                "null_resource.remote-exec-jcs": {
                    "type": "null_resource",
                    "depends_on": [
                        "data.oci_core_vnic.InstanceVnic",
                        "oci_core_instance.proxy-instance",
                        "oci_core_volume_attachment.TFBlock0Attach"
                    ],
                    "primary": {
                        "id": "8915458755989383907",
                        "attributes": {
                            "id": "8915458755989383907"
                        },
                        "meta": {},
                        "tainted": true
                    },
                    "deposed": [],
                    "provider": "provider.null"
                },
                "oci_core_instance.proxy-instance": {
                    "type": "oci_core_instance",
                    "depends_on": [
                        "data.oci_core_images.ImageOCID"
                    ],
                    "primary": {
                        "id": "ocid1.instance.oc1.iad.abuwcljtcix5bqornubzhbkh7r64heuvny5fx42qoa2qdoaopond6wxrotda",
                        "attributes": {
                            "availability_domain": "AhKQ:US-ASHBURN-AD-1",
                            "boot_volume_id": "ocid1.bootvolume.oc1.iad.abuwcljtpinf443ohewsxm5qejynuf4qkw3v2bgltkpsyfzkfwoolfvot6zq",
                            "compartment_id": "ocid1.compartment.oc1..aaaaaaaajdloco2usq6y24dudqirugj6ej44mpooogjes3penwtye4wp42uq",
                            "create_vnic_details.#": "1",
                            "create_vnic_details.0.assign_public_ip": "true",
                            "create_vnic_details.0.display_name": "proxy-ad1-0",
                            "create_vnic_details.0.hostname_label": "proxy-ad1-0",
                            "create_vnic_details.0.private_ip": "10.1.20.2",
                            "create_vnic_details.0.skip_source_dest_check": "false",
                            "create_vnic_details.0.subnet_id": "ocid1.subnet.oc1.iad.aaaaaaaa2t3osjizglrqbtafx3ujwwcy2jqk3vpvjxad2bcdiqucgnbrxhhq",
                            "display_name": "proxy-ad1-0",
                            "hostname_label": "proxy-ad1-0",
                            "id": "ocid1.instance.oc1.iad.abuwcljtcix5bqornubzhbkh7r64heuvny5fx42qoa2qdoaopond6wxrotda",
                            "image": "ocid1.image.oc1.iad.aaaaaaaanyx53c7fvkf337d77ztogmntkny62r3i4z23ehjcj3zktbr4zoqq",
                            "launch_mode": "NATIVE",
                            "launch_options.#": "1",
                            "launch_options.0.boot_volume_type": "PARAVIRTUALIZED",
                            "launch_options.0.firmware": "UEFI_64",
                            "launch_options.0.network_type": "VFIO",
                            "launch_options.0.remote_data_volume_type": "PARAVIRTUALIZED",
                            "metadata.%": "1",
                            "metadata.ssh_authorized_keys": "ssh-rsa AAAAB3NzaC1yc2EAAAADAQABAAABAQChxoFiag1NBiaedOAmgGfuNhHJdjf658plFZHjboZ20PMZ6Ozzu9nrQHSp7b0X5DjrpHiPRsn25qTaFsI7LisRWxD41y/NVYmHHMZc2dDGUdTPtXG5QApg3EWm/1rS83qtGpj2z0qGQsRtKDm5ssT/V6l7z1ym0reFRq2j61TCnb//oaOpHD8ByV4xwaJrgEys0XOFSa4/5b2VRQ5vYYQ8wTNluvp3+OE3TI3OgLLYqUg8Fxtr0eFJ0cwAfEFX8U+yAq60Pl+00c1VN2an8vta1lTTYLntfnGUcdoFrGkH+Lqj7JMR1Xqd9rxW8mbFzX9mp76p72+WFxJ0abGCNV87\n",
                            "private_ip": "10.1.20.2",
                            "public_ip": "129.213.136.159",
                            "region": "iad",
                            "shape": "VM.Standard2.1",
                            "source_details.#": "1",
                            "source_details.0.boot_volume_size_in_gbs": "47",
                            "source_details.0.source_id": "ocid1.image.oc1.iad.aaaaaaaanyx53c7fvkf337d77ztogmntkny62r3i4z23ehjcj3zktbr4zoqq",
                            "source_details.0.source_type": "image",
                            "state": "RUNNING",
                            "subnet_id": "ocid1.subnet.oc1.iad.aaaaaaaa2t3osjizglrqbtafx3ujwwcy2jqk3vpvjxad2bcdiqucgnbrxhhq",
                            "time_created": "2019-05-14 15:45:15.047 +0000 UTC"
                        },
                        "meta": {
                            "e2bfb730-ecaa-11e6-8f88-34363bc7c4c0": {
                                "create": 3600000000000,
                                "delete": 7200000000000,
                                "update": 7200000000000
                            }
                        },
                        "tainted": false
                    },
                    "deposed": [],
                    "provider": "provider.oci"
                },
                "oci_core_volume.TFBlock0": {
                    "type": "oci_core_volume",
                    "depends_on": [],
                    "primary": {
                        "id": "ocid1.volume.oc1.iad.abuwcljtrzj4mqfpmqgfml3spvfeypfbz5efw4ed2huvqxprpcahxf244nfa",
                        "attributes": {
                            "availability_domain": "AhKQ:US-ASHBURN-AD-1",
                            "compartment_id": "ocid1.compartment.oc1..aaaaaaaajdloco2usq6y24dudqirugj6ej44mpooogjes3penwtye4wp42uq",
                            "display_name": "TFBlock0",
                            "id": "ocid1.volume.oc1.iad.abuwcljtrzj4mqfpmqgfml3spvfeypfbz5efw4ed2huvqxprpcahxf244nfa",
                            "is_hydrated": "true",
                            "size_in_gbs": "50",
                            "size_in_mbs": "51200",
                            "source_details.#": "0",
                            "state": "AVAILABLE",
                            "time_created": "2019-05-14 15:45:02.252 +0000 UTC"
                        },
                        "meta": {
                            "e2bfb730-ecaa-11e6-8f88-34363bc7c4c0": {
                                "create": 300000000000,
                                "delete": 300000000000,
                                "update": 300000000000
                            }
                        },
                        "tainted": false
                    },
                    "deposed": [],
                    "provider": "provider.oci"
                },
                "oci_core_volume_attachment.TFBlock0Attach": {
                    "type": "oci_core_volume_attachment",
                    "depends_on": [
                        "oci_core_instance.proxy-instance",
                        "oci_core_volume.TFBlock0"
                    ],
                    "primary": {
                        "id": "ocid1.volumeattachment.oc1.iad.abuwcljt4vz2bz6akjznjrkmj6aylpuulb2xomjd2u66wnpxevnbio6gtaaq",
                        "attributes": {
                            "attachment_type": "iscsi",
                            "availability_domain": "AhKQ:US-ASHBURN-AD-1",
                            "compartment_id": "ocid1.compartment.oc1..aaaaaaaajdloco2usq6y24dudqirugj6ej44mpooogjes3penwtye4wp42uq",
                            "display_name": "volumeattachment20190514154712",
                            "id": "ocid1.volumeattachment.oc1.iad.abuwcljt4vz2bz6akjznjrkmj6aylpuulb2xomjd2u66wnpxevnbio6gtaaq",
                            "instance_id": "ocid1.instance.oc1.iad.abuwcljtcix5bqornubzhbkh7r64heuvny5fx42qoa2qdoaopond6wxrotda",
                            "ipv4": "169.254.2.2",
                            "iqn": "iqn.2015-12.com.oracleiaas:90c1e3b7-33db-4a44-b03f-f447598a5ad7",
                            "is_read_only": "false",
                            "port": "3260",
                            "state": "ATTACHED",
                            "time_created": "2019-05-14 15:47:12.232 +0000 UTC",
                            "volume_id": "ocid1.volume.oc1.iad.abuwcljtrzj4mqfpmqgfml3spvfeypfbz5efw4ed2huvqxprpcahxf244nfa"
                        },
                        "meta": {
                            "e2bfb730-ecaa-11e6-8f88-34363bc7c4c0": {
                                "create": 300000000000,
                                "delete": 300000000000,
                                "update": 300000000000
                            }
                        },
                        "tainted": false
                    },
                    "deposed": [],
                    "provider": "provider.oci"
                }
            },
            "depends_on": []
        },
        {
            "path": [
                "root",
                "vcn"
            ],
            "outputs": {
                "proxy_subnet_ad1_id": {
                    "sensitive": false,
                    "type": "string",
                    "value": "ocid1.subnet.oc1.iad.aaaaaaaa2t3osjizglrqbtafx3ujwwcy2jqk3vpvjxad2bcdiqucgnbrxhhq"
                }
            },
            "resources": {
                "data.oci_identity_availability_domains.ADs": {
                    "type": "oci_identity_availability_domains",
                    "depends_on": [],
                    "primary": {
                        "id": "2019-05-14 15:45:01.737557478 +0000 UTC",
                        "attributes": {
                            "availability_domains.#": "3",
                            "availability_domains.0.compartment_id": "ocid1.compartment.oc1..aaaaaaaajdloco2usq6y24dudqirugj6ej44mpooogjes3penwtye4wp42uq",
                            "availability_domains.0.name": "AhKQ:US-ASHBURN-AD-1",
                            "availability_domains.1.compartment_id": "ocid1.compartment.oc1..aaaaaaaajdloco2usq6y24dudqirugj6ej44mpooogjes3penwtye4wp42uq",
                            "availability_domains.1.name": "AhKQ:US-ASHBURN-AD-2",
                            "availability_domains.2.compartment_id": "ocid1.compartment.oc1..aaaaaaaajdloco2usq6y24dudqirugj6ej44mpooogjes3penwtye4wp42uq",
                            "availability_domains.2.name": "AhKQ:US-ASHBURN-AD-3",
                            "compartment_id": "ocid1.compartment.oc1..aaaaaaaajdloco2usq6y24dudqirugj6ej44mpooogjes3penwtye4wp42uq",
                            "id": "2019-05-14 15:45:01.737557478 +0000 UTC"
                        },
                        "meta": {},
                        "tainted": false
                    },
                    "deposed": [],
                    "provider": "provider.oci"
                },
                "oci_core_internet_gateway.ExampleIG": {
                    "type": "oci_core_internet_gateway",
                    "depends_on": [
                        "oci_core_virtual_network.ExampleVCN"
                    ],
                    "primary": {
                        "id": "ocid1.internetgateway.oc1.iad.aaaaaaaaoifmgw7hbnrhewgotsgaf2bsdrramblybabnzjxvbcakxdodykrq",
                        "attributes": {
                            "compartment_id": "ocid1.compartment.oc1..aaaaaaaajdloco2usq6y24dudqirugj6ej44mpooogjes3penwtye4wp42uq",
                            "display_name": "TFExampleIG",
                            "enabled": "true",
                            "id": "ocid1.internetgateway.oc1.iad.aaaaaaaaoifmgw7hbnrhewgotsgaf2bsdrramblybabnzjxvbcakxdodykrq",
                            "state": "AVAILABLE",
                            "time_created": "2019-05-14 15:45:07.785 +0000 UTC",
                            "vcn_id": "ocid1.vcn.oc1.iad.aaaaaaaajryabelzkwenahupz6jp24nn6n45hm46subd6yw64ezphmczxega"
                        },
                        "meta": {
                            "e2bfb730-ecaa-11e6-8f88-34363bc7c4c0": {
                                "create": 300000000000,
                                "delete": 300000000000,
                                "update": 300000000000
                            }
                        },
                        "tainted": false
                    },
                    "deposed": [],
                    "provider": "provider.oci"
                },
                "oci_core_route_table.ExampleRT": {
                    "type": "oci_core_route_table",
                    "depends_on": [
                        "oci_core_internet_gateway.ExampleIG",
                        "oci_core_virtual_network.ExampleVCN"
                    ],
                    "primary": {
                        "id": "ocid1.routetable.oc1.iad.aaaaaaaauoqhqdkzhxhnsre7lmx65l5kwez6mbstb7erx7e5z4sudzi7cxca",
                        "attributes": {
                            "compartment_id": "ocid1.compartment.oc1..aaaaaaaajdloco2usq6y24dudqirugj6ej44mpooogjes3penwtye4wp42uq",
                            "display_name": "TFExampleRouteTable",
                            "id": "ocid1.routetable.oc1.iad.aaaaaaaauoqhqdkzhxhnsre7lmx65l5kwez6mbstb7erx7e5z4sudzi7cxca",
                            "route_rules.#": "1",
                            "route_rules.0.cidr_block": "0.0.0.0/0",
                            "route_rules.0.network_entity_id": "ocid1.internetgateway.oc1.iad.aaaaaaaaoifmgw7hbnrhewgotsgaf2bsdrramblybabnzjxvbcakxdodykrq",
                            "state": "AVAILABLE",
                            "time_created": "2019-05-14 15:45:11.142 +0000 UTC",
                            "vcn_id": "ocid1.vcn.oc1.iad.aaaaaaaajryabelzkwenahupz6jp24nn6n45hm46subd6yw64ezphmczxega"
                        },
                        "meta": {
                            "e2bfb730-ecaa-11e6-8f88-34363bc7c4c0": {
                                "create": 300000000000,
                                "delete": 300000000000,
                                "update": 300000000000
                            }
                        },
                        "tainted": false
                    },
                    "deposed": [],
                    "provider": "provider.oci"
                },
                "oci_core_subnet.PublicSubnet": {
                    "type": "oci_core_subnet",
                    "depends_on": [
                        "data.oci_identity_availability_domains.ADs",
                        "oci_core_route_table.ExampleRT",
                        "oci_core_virtual_network.ExampleVCN"
                    ],
                    "primary": {
                        "id": "ocid1.subnet.oc1.iad.aaaaaaaa2t3osjizglrqbtafx3ujwwcy2jqk3vpvjxad2bcdiqucgnbrxhhq",
                        "attributes": {
                            "availability_domain": "AhKQ:US-ASHBURN-AD-1",
                            "cidr_block": "10.1.20.0/24",
                            "compartment_id": "ocid1.compartment.oc1..aaaaaaaajdloco2usq6y24dudqirugj6ej44mpooogjes3penwtye4wp42uq",
                            "dhcp_options_id": "ocid1.dhcpoptions.oc1.iad.aaaaaaaafxrdz6stpnylbq5oxsrqdcxfob3ruzbna2ar4fplduu4rx6rl5ca",
                            "display_name": "PublicSubnet",
                            "dns_label": "tfpublicsubnet",
                            "id": "ocid1.subnet.oc1.iad.aaaaaaaa2t3osjizglrqbtafx3ujwwcy2jqk3vpvjxad2bcdiqucgnbrxhhq",
                            "prohibit_public_ip_on_vnic": "false",
                            "route_table_id": "ocid1.routetable.oc1.iad.aaaaaaaauoqhqdkzhxhnsre7lmx65l5kwez6mbstb7erx7e5z4sudzi7cxca",
                            "security_list_ids.#": "1",
                            "security_list_ids.1246531828": "ocid1.securitylist.oc1.iad.aaaaaaaaes6c6srywflvr7z6x3iryqvkx6rhz54cy6gy345pkjevg63tmo4q",
                            "state": "AVAILABLE",
                            "subnet_domain_name": "tfpublicsubnet.tfexamplevcn.oraclevcn.com",
                            "time_created": "2019-05-14 15:45:12.225 +0000 UTC",
                            "vcn_id": "ocid1.vcn.oc1.iad.aaaaaaaajryabelzkwenahupz6jp24nn6n45hm46subd6yw64ezphmczxega",
                            "virtual_router_ip": "10.1.20.1",
                            "virtual_router_mac": "00:00:17:7A:AE:9E"
                        },
                        "meta": {
                            "e2bfb730-ecaa-11e6-8f88-34363bc7c4c0": {
                                "create": 300000000000,
                                "delete": 300000000000,
                                "update": 300000000000
                            }
                        },
                        "tainted": false
                    },
                    "deposed": [],
                    "provider": "provider.oci"
                },
                "oci_core_virtual_network.ExampleVCN": {
                    "type": "oci_core_virtual_network",
                    "depends_on": [],
                    "primary": {
                        "id": "ocid1.vcn.oc1.iad.aaaaaaaajryabelzkwenahupz6jp24nn6n45hm46subd6yw64ezphmczxega",
                        "attributes": {
                            "cidr_block": "10.1.0.0/16",
                            "compartment_id": "ocid1.compartment.oc1..aaaaaaaajdloco2usq6y24dudqirugj6ej44mpooogjes3penwtye4wp42uq",
                            "default_dhcp_options_id": "ocid1.dhcpoptions.oc1.iad.aaaaaaaafxrdz6stpnylbq5oxsrqdcxfob3ruzbna2ar4fplduu4rx6rl5ca",
                            "default_route_table_id": "ocid1.routetable.oc1.iad.aaaaaaaat7t5kpz3b4zxltchemnjxkgwicjijvvo2rv7elbibff33vwchuda",
                            "default_security_list_id": "ocid1.securitylist.oc1.iad.aaaaaaaaes6c6srywflvr7z6x3iryqvkx6rhz54cy6gy345pkjevg63tmo4q",
                            "display_name": "TFExampleVCN",
                            "dns_label": "tfexamplevcn",
                            "id": "ocid1.vcn.oc1.iad.aaaaaaaajryabelzkwenahupz6jp24nn6n45hm46subd6yw64ezphmczxega",
                            "state": "AVAILABLE",
                            "time_created": "2019-05-14 15:45:02.802 +0000 UTC",
                            "vcn_domain_name": "tfexamplevcn.oraclevcn.com"
                        },
                        "meta": {
                            "e2bfb730-ecaa-11e6-8f88-34363bc7c4c0": {
                                "create": 300000000000,
                                "delete": 300000000000,
                                "update": 300000000000
                            }
                        },
                        "tainted": false
                    },
                    "deposed": [],
                    "provider": "provider.oci"
                }
            },
            "depends_on": []
        }
    ]
}
