{
    "version": 3,
    "terraform_version": "0.11.7",
    "serial": 26,
    "lineage": "428a0e18-ad2d-9708-6a9d-ba9f5754abe4",
    "modules": [
        {
            "path": [
                "root"
            ],
            "outputs": {},
            "resources": {
                "data.oci_identity_availability_domains.ADs": {
                    "type": "oci_identity_availability_domains",
                    "depends_on": [],
                    "primary": {
                        "id": "2019-05-13 23:01:18.128798247 +0000 UTC",
                        "attributes": {
                            "availability_domains.#": "3",
                            "availability_domains.0.compartment_id": "ocid1.tenancy.oc1..aaaaaaaaqaghoakhcdlsdsej676gkzli4gbeeqw3ge46kgnm224lagmfj4xq",
                            "availability_domains.0.name": "AhKQ:US-ASHBURN-AD-1",
                            "availability_domains.1.compartment_id": "ocid1.tenancy.oc1..aaaaaaaaqaghoakhcdlsdsej676gkzli4gbeeqw3ge46kgnm224lagmfj4xq",
                            "availability_domains.1.name": "AhKQ:US-ASHBURN-AD-2",
                            "availability_domains.2.compartment_id": "ocid1.tenancy.oc1..aaaaaaaaqaghoakhcdlsdsej676gkzli4gbeeqw3ge46kgnm224lagmfj4xq",
                            "availability_domains.2.name": "AhKQ:US-ASHBURN-AD-3",
                            "compartment_id": "ocid1.tenancy.oc1..aaaaaaaaqaghoakhcdlsdsej676gkzli4gbeeqw3ge46kgnm224lagmfj4xq",
                            "id": "2019-05-13 23:01:18.128798247 +0000 UTC"
                        },
                        "meta": {},
                        "tainted": false
                    },
                    "deposed": [],
                    "provider": "provider.oci"
                }
            },
            "depends_on": []
        },
        {
            "path": [
                "root",
                "instances-proxy-ad1"
            ],
            "outputs": {},
            "resources": {
                "data.oci_core_images.ImageOCID": {
                    "type": "oci_core_images",
                    "depends_on": [],
                    "primary": {
                        "id": "2019-05-13 23:01:18.141884671 +0000 UTC",
                        "attributes": {
                            "compartment_id": "ocid1.compartment.oc1..aaaaaaaajdloco2usq6y24dudqirugj6ej44mpooogjes3penwtye4wp42uq",
                            "display_name": "Oracle-Linux-7.6-2019.04.18-0",
                            "id": "2019-05-13 23:01:18.141884671 +0000 UTC",
                            "images.#": "1",
                            "images.0.base_image_id": "",
                            "images.0.compartment_id": "",
                            "images.0.create_image_allowed": "true",
                            "images.0.display_name": "Oracle-Linux-7.6-2019.04.18-0",
                            "images.0.id": "ocid1.image.oc1.iad.aaaaaaaajnvrzitemn2k5gfkfq2hwfs4bid577u2jbrzla42wxo2qc77gwxa",
                            "images.0.instance_id": "",
                            "images.0.launch_mode": "NATIVE",
                            "images.0.launch_options.#": "1",
                            "images.0.launch_options.0.boot_volume_type": "PARAVIRTUALIZED",
                            "images.0.launch_options.0.firmware": "UEFI_64",
                            "images.0.launch_options.0.network_type": "PARAVIRTUALIZED",
                            "images.0.launch_options.0.remote_data_volume_type": "PARAVIRTUALIZED",
                            "images.0.operating_system": "Oracle Linux",
                            "images.0.operating_system_version": "7.6",
                            "images.0.size_in_mbs": "47694",
                            "images.0.state": "AVAILABLE",
                            "images.0.time_created": "2019-04-22 19:59:46.359 +0000 UTC"
                        },
                        "meta": {},
                        "tainted": false
                    },
                    "deposed": [],
                    "provider": "provider.oci"
                },
                "oci_core_volume.TFBlock0": {
                    "type": "oci_core_volume",
                    "depends_on": [],
                    "primary": {
                        "id": "ocid1.volume.oc1.iad.abuwcljtzlswi6yq5d2murh6ebpof6zxph3z3db7td5ddclrissuzw4nvxoa",
                        "attributes": {
                            "availability_domain": "AhKQ:US-ASHBURN-AD-1",
                            "compartment_id": "ocid1.compartment.oc1..aaaaaaaajdloco2usq6y24dudqirugj6ej44mpooogjes3penwtye4wp42uq",
                            "display_name": "TFBlock0",
                            "id": "ocid1.volume.oc1.iad.abuwcljtzlswi6yq5d2murh6ebpof6zxph3z3db7td5ddclrissuzw4nvxoa",
                            "is_hydrated": "true",
                            "size_in_gbs": "50",
                            "size_in_mbs": "51200",
                            "source_details.#": "0",
                            "state": "AVAILABLE",
                            "time_created": "2019-05-13 23:02:05.214 +0000 UTC"
                        },
                        "meta": {
                            "e2bfb730-ecaa-11e6-8f88-34363bc7c4c0": {
                                "create": 300000000000,
                                "delete": 300000000000,
                                "update": 300000000000
                            }
                        },
                        "tainted": false
                    },
                    "deposed": [],
                    "provider": "provider.oci"
                }
            },
            "depends_on": []
        },
        {
            "path": [
                "root",
                "vcn"
            ],
            "outputs": {
                "proxy_subnet_ad1_id": {
                    "sensitive": false,
                    "type": "string",
                    "value": "ocid1.subnet.oc1.iad.aaaaaaaaumbfefqnsfhdsba5txae5yc5tj4sogkelbnjb4keuosnb4deupqq"
                }
            },
            "resources": {
                "data.oci_identity_availability_domains.ADs": {
                    "type": "oci_identity_availability_domains",
                    "depends_on": [],
                    "primary": {
                        "id": "2019-05-13 23:01:18.131412613 +0000 UTC",
                        "attributes": {
                            "availability_domains.#": "3",
                            "availability_domains.0.compartment_id": "ocid1.compartment.oc1..aaaaaaaajdloco2usq6y24dudqirugj6ej44mpooogjes3penwtye4wp42uq",
                            "availability_domains.0.name": "AhKQ:US-ASHBURN-AD-1",
                            "availability_domains.1.compartment_id": "ocid1.compartment.oc1..aaaaaaaajdloco2usq6y24dudqirugj6ej44mpooogjes3penwtye4wp42uq",
                            "availability_domains.1.name": "AhKQ:US-ASHBURN-AD-2",
                            "availability_domains.2.compartment_id": "ocid1.compartment.oc1..aaaaaaaajdloco2usq6y24dudqirugj6ej44mpooogjes3penwtye4wp42uq",
                            "availability_domains.2.name": "AhKQ:US-ASHBURN-AD-3",
                            "compartment_id": "ocid1.compartment.oc1..aaaaaaaajdloco2usq6y24dudqirugj6ej44mpooogjes3penwtye4wp42uq",
                            "id": "2019-05-13 23:01:18.131412613 +0000 UTC"
                        },
                        "meta": {},
                        "tainted": false
                    },
                    "deposed": [],
                    "provider": "provider.oci"
                },
                "oci_core_internet_gateway.ExampleIG": {
                    "type": "oci_core_internet_gateway",
                    "depends_on": [
                        "oci_core_virtual_network.ExampleVCN"
                    ],
                    "primary": {
                        "id": "ocid1.internetgateway.oc1.iad.aaaaaaaafu4bzlwq36ta3n7xgjltqxv7lfiyf2wftjdli4st253podyom4jq",
                        "attributes": {
                            "compartment_id": "ocid1.compartment.oc1..aaaaaaaajdloco2usq6y24dudqirugj6ej44mpooogjes3penwtye4wp42uq",
                            "display_name": "TFExampleIG",
                            "enabled": "true",
                            "id": "ocid1.internetgateway.oc1.iad.aaaaaaaafu4bzlwq36ta3n7xgjltqxv7lfiyf2wftjdli4st253podyom4jq",
                            "state": "AVAILABLE",
                            "time_created": "2019-05-13 23:02:06.172 +0000 UTC",
                            "vcn_id": "ocid1.vcn.oc1.iad.aaaaaaaaw2t67ih5ctqbvqdv3zkjfra56ikvkjb42epeheulgrnec5ghpzhq"
                        },
                        "meta": {
                            "e2bfb730-ecaa-11e6-8f88-34363bc7c4c0": {
                                "create": 300000000000,
                                "delete": 300000000000,
                                "update": 300000000000
                            }
                        },
                        "tainted": false
                    },
                    "deposed": [],
                    "provider": "provider.oci"
                },
                "oci_core_route_table.ExampleRT": {
                    "type": "oci_core_route_table",
                    "depends_on": [
                        "oci_core_internet_gateway.ExampleIG",
                        "oci_core_virtual_network.ExampleVCN"
                    ],
                    "primary": {
                        "id": "ocid1.routetable.oc1.iad.aaaaaaaajexq5pb6ogvpyhnlqmolvcihs7qhz4t5qsqtp4boh5zrtqqi7elq",
                        "attributes": {
                            "compartment_id": "ocid1.compartment.oc1..aaaaaaaajdloco2usq6y24dudqirugj6ej44mpooogjes3penwtye4wp42uq",
                            "display_name": "TFExampleRouteTable",
                            "id": "ocid1.routetable.oc1.iad.aaaaaaaajexq5pb6ogvpyhnlqmolvcihs7qhz4t5qsqtp4boh5zrtqqi7elq",
                            "route_rules.#": "1",
                            "route_rules.0.cidr_block": "0.0.0.0/0",
                            "route_rules.0.network_entity_id": "ocid1.internetgateway.oc1.iad.aaaaaaaafu4bzlwq36ta3n7xgjltqxv7lfiyf2wftjdli4st253podyom4jq",
                            "state": "AVAILABLE",
                            "time_created": "2019-05-13 23:02:06.691 +0000 UTC",
                            "vcn_id": "ocid1.vcn.oc1.iad.aaaaaaaaw2t67ih5ctqbvqdv3zkjfra56ikvkjb42epeheulgrnec5ghpzhq"
                        },
                        "meta": {
                            "e2bfb730-ecaa-11e6-8f88-34363bc7c4c0": {
                                "create": 300000000000,
                                "delete": 300000000000,
                                "update": 300000000000
                            }
                        },
                        "tainted": false
                    },
                    "deposed": [],
                    "provider": "provider.oci"
                },
                "oci_core_subnet.PublicSubnet": {
                    "type": "oci_core_subnet",
                    "depends_on": [
                        "data.oci_identity_availability_domains.ADs",
                        "oci_core_route_table.ExampleRT",
                        "oci_core_virtual_network.ExampleVCN"
                    ],
                    "primary": {
                        "id": "ocid1.subnet.oc1.iad.aaaaaaaaumbfefqnsfhdsba5txae5yc5tj4sogkelbnjb4keuosnb4deupqq",
                        "attributes": {
                            "availability_domain": "AhKQ:US-ASHBURN-AD-1",
                            "cidr_block": "10.1.20.0/24",
                            "compartment_id": "ocid1.compartment.oc1..aaaaaaaajdloco2usq6y24dudqirugj6ej44mpooogjes3penwtye4wp42uq",
                            "dhcp_options_id": "ocid1.dhcpoptions.oc1.iad.aaaaaaaatjjuj77jtshkrvlrwwflts3aqmzbp4byuvtnnqnsuefoqfbj5fla",
                            "display_name": "PublicSubnet",
                            "dns_label": "tfpublicsubnet",
                            "id": "ocid1.subnet.oc1.iad.aaaaaaaaumbfefqnsfhdsba5txae5yc5tj4sogkelbnjb4keuosnb4deupqq",
                            "prohibit_public_ip_on_vnic": "false",
                            "route_table_id": "ocid1.routetable.oc1.iad.aaaaaaaajexq5pb6ogvpyhnlqmolvcihs7qhz4t5qsqtp4boh5zrtqqi7elq",
                            "security_list_ids.#": "1",
                            "security_list_ids.3091037018": "ocid1.securitylist.oc1.iad.aaaaaaaan2esw3o5uf57diov3hl7athpyvrsgxbrg6ncr2kake334g6v5t6a",
                            "state": "AVAILABLE",
                            "subnet_domain_name": "tfpublicsubnet.tfexamplevcn.oraclevcn.com",
                            "time_created": "2019-05-13 23:02:07.49 +0000 UTC",
                            "vcn_id": "ocid1.vcn.oc1.iad.aaaaaaaaw2t67ih5ctqbvqdv3zkjfra56ikvkjb42epeheulgrnec5ghpzhq",
                            "virtual_router_ip": "10.1.20.1",
                            "virtual_router_mac": "00:00:17:BA:BA:45"
                        },
                        "meta": {
                            "e2bfb730-ecaa-11e6-8f88-34363bc7c4c0": {
                                "create": 300000000000,
                                "delete": 300000000000,
                                "update": 300000000000
                            }
                        },
                        "tainted": false
                    },
                    "deposed": [],
                    "provider": "provider.oci"
                },
                "oci_core_virtual_network.ExampleVCN": {
                    "type": "oci_core_virtual_network",
                    "depends_on": [],
                    "primary": {
                        "id": "ocid1.vcn.oc1.iad.aaaaaaaaw2t67ih5ctqbvqdv3zkjfra56ikvkjb42epeheulgrnec5ghpzhq",
                        "attributes": {
                            "cidr_block": "10.1.0.0/16",
                            "compartment_id": "ocid1.compartment.oc1..aaaaaaaajdloco2usq6y24dudqirugj6ej44mpooogjes3penwtye4wp42uq",
                            "default_dhcp_options_id": "ocid1.dhcpoptions.oc1.iad.aaaaaaaatjjuj77jtshkrvlrwwflts3aqmzbp4byuvtnnqnsuefoqfbj5fla",
                            "default_route_table_id": "ocid1.routetable.oc1.iad.aaaaaaaa7tsbcjoifdg6xwy7ntn2civb5ayncofc6qn4ccwtviasvvuxuqkq",
                            "default_security_list_id": "ocid1.securitylist.oc1.iad.aaaaaaaan2esw3o5uf57diov3hl7athpyvrsgxbrg6ncr2kake334g6v5t6a",
                            "display_name": "TFExampleVCN",
                            "dns_label": "tfexamplevcn",
                            "id": "ocid1.vcn.oc1.iad.aaaaaaaaw2t67ih5ctqbvqdv3zkjfra56ikvkjb42epeheulgrnec5ghpzhq",
                            "state": "AVAILABLE",
                            "time_created": "2019-05-13 23:02:05.189 +0000 UTC",
                            "vcn_domain_name": "tfexamplevcn.oraclevcn.com"
                        },
                        "meta": {
                            "e2bfb730-ecaa-11e6-8f88-34363bc7c4c0": {
                                "create": 300000000000,
                                "delete": 300000000000,
                                "update": 300000000000
                            }
                        },
                        "tainted": false
                    },
                    "deposed": [],
                    "provider": "provider.oci"
                }
            },
            "depends_on": []
        }
    ]
}
